Microsoft Visual Studio Solution File, Format Version 12.00
# Visual Studio 2012
Project("{FAE04EC0-301F-11D3-BF4B-00C04F79EFBC}") = "The bug adventure show", "The bug adventure show.csproj", "{3AFB48A5-164C-4629-8A62-55158E80F4EB}"
EndProject
Global
	GlobalSection(SolutionConfigurationPlatforms) = preSolution
	Debug|Any CPU = Debug|Any CPU
	ExportDebug|Any CPU = ExportDebug|Any CPU
	ExportRelease|Any CPU = ExportRelease|Any CPU
	EndGlobalSection
	GlobalSection(ProjectConfigurationPlatforms) = postSolution
		{3AFB48A5-164C-4629-8A62-55158E80F4EB}.Debug|Any CPU.ActiveCfg = Debug|Any CPU
		{3AFB48A5-164C-4629-8A62-55158E80F4EB}.Debug|Any CPU.Build.0 = Debug|Any CPU
		{3AFB48A5-164C-4629-8A62-55158E80F4EB}.ExportDebug|Any CPU.ActiveCfg = ExportDebug|Any CPU
		{3AFB48A5-164C-4629-8A62-55158E80F4EB}.ExportDebug|Any CPU.Build.0 = ExportDebug|Any CPU
		{3AFB48A5-164C-4629-8A62-55158E80F4EB}.ExportRelease|Any CPU.ActiveCfg = ExportRelease|Any CPU
		{3AFB48A5-164C-4629-8A62-55158E80F4EB}.ExportRelease|Any CPU.Build.0 = ExportRelease|Any CPU
	EndGlobalSection
EndGlobal
